
Microsoft Visual Studio Solution File, Format Version 12.00
# Visual Studio Version 16
VisualStudioVersion = 16.0.29324.140
MinimumVisualStudioVersion = 10.0.40219.1
Project("{8BC9CEB8-8B4A-11D0-8D11-00A0C91BC942}") = "EarthWorm", "EarthWorm\EarthWorm.vcxproj", "{EACBBA68-0B96-47DA-965A-C578FF777CB2}"
EndProject
Global
	GlobalSection(SolutionConfigurationPlatforms) = preSolution
		Debug|x64 = Debug|x64
		Debug|x86 = Debug|x86
		Release|x64 = Release|x64
		Release|x86 = Release|x86
	EndGlobalSection
	GlobalSection(ProjectConfigurationPlatforms) = postSolution
		{EACBBA68-0B96-47DA-965A-C578FF777CB2}.Debug|x64.ActiveCfg = Debug|x64
		{EACBBA68-0B96-47DA-965A-C578FF777CB2}.Debug|x64.Build.0 = Debug|x64
		{EACBBA68-0B96-47DA-965A-C578FF777CB2}.Debug|x86.ActiveCfg = Debug|Win32
		{EACBBA68-0B96-47DA-965A-C578FF777CB2}.Debug|x86.Build.0 = Debug|Win32
		{EACBBA68-0B96-47DA-965A-C578FF777CB2}.Release|x64.ActiveCfg = Release|x64
		{EACBBA68-0B96-47DA-965A-C578FF777CB2}.Release|x64.Build.0 = Release|x64
		{EACBBA68-0B96-47DA-965A-C578FF777CB2}.Release|x86.ActiveCfg = Release|Win32
		{EACBBA68-0B96-47DA-965A-C578FF777CB2}.Release|x86.Build.0 = Release|Win32
	EndGlobalSection
	GlobalSection(SolutionProperties) = preSolution
		HideSolutionNode = FALSE
	EndGlobalSection
	GlobalSection(ExtensibilityGlobals) = postSolution
		SolutionGuid = {C793B72D-BB1F-4E3A-980D-FCC34AC05BCD}
	EndGlobalSection
EndGlobal
